
Microsoft Visual Studio Solution File, Format Version 12.00
# Visual Studio Version 17
VisualStudioVersion = 17.0.31903.59
MinimumVisualStudioVersion = 10.0.40219.1
Project("{54A90642-561A-4BB1-A94E-469ADEE60C69}") = "demo", "demo.esproj", "{D0951B11-E1F0-8A04-421B-35486D5FEC80}"
EndProject
Global
	GlobalSection(SolutionConfigurationPlatforms) = preSolution
		Debug|Any CPU = Debug|Any CPU
		Release|Any CPU = Release|Any CPU
	EndGlobalSection
	GlobalSection(ProjectConfigurationPlatforms) = postSolution
		{D0951B11-E1F0-8A04-421B-35486D5FEC80}.Debug|Any CPU.ActiveCfg = Debug|Any CPU
		{D0951B11-E1F0-8A04-421B-35486D5FEC80}.Debug|Any CPU.Build.0 = Debug|Any CPU
		{D0951B11-E1F0-8A04-421B-35486D5FEC80}.Debug|Any CPU.Deploy.0 = Debug|Any CPU
		{D0951B11-E1F0-8A04-421B-35486D5FEC80}.Release|Any CPU.ActiveCfg = Release|Any CPU
		{D0951B11-E1F0-8A04-421B-35486D5FEC80}.Release|Any CPU.Build.0 = Release|Any CPU
		{D0951B11-E1F0-8A04-421B-35486D5FEC80}.Release|Any CPU.Deploy.0 = Release|Any CPU
	EndGlobalSection
	GlobalSection(SolutionProperties) = preSolution
		HideSolutionNode = FALSE
	EndGlobalSection
	GlobalSection(ExtensibilityGlobals) = postSolution
		SolutionGuid = {748CC43B-4E0F-42AF-9BC5-3ED946E16350}
	EndGlobalSection
EndGlobal
